
Microsoft Visual Studio Solution File, Format Version 12.00
# Visual Studio Version 17
VisualStudioVersion = 17.11.35327.3
MinimumVisualStudioVersion = 10.0.40219.1
Project("{8BC9CEB8-8B4A-11D0-8D11-00A0C91BC942}") = "Lab_12_01", "Lab_12_01\Lab_12_01.vcxproj", "{9281072B-8D38-4644-BCF2-5DC1F9B3F329}"
EndProject
Project("{8BC9CEB8-8B4A-11D0-8D11-00A0C91BC942}") = "Lab_12_05", "Lab_12_05\Lab_12_05.vcxproj", "{4D618746-650E-4E23-9FE9-3ADEC0E793E4}"
EndProject
Project("{8BC9CEB8-8B4A-11D0-8D11-00A0C91BC942}") = "Lab_12_06", "Lab_12_06\Lab_12_06.vcxproj", "{8D9AF1A2-EAFE-4B54-BE26-CE360D3CB1D6}"
EndProject
Project("{8BC9CEB8-8B4A-11D0-8D11-00A0C91BC942}") = "Lab_12_07", "Lab_12_07\Lab_12_07.vcxproj", "{E231B50C-02B3-4D7C-94A2-5075BB9C0813}"
EndProject
Project("{8BC9CEB8-8B4A-11D0-8D11-00A0C91BC942}") = "Lab_12_08", "Lab_12_08\Lab_12_08.vcxproj", "{2C382601-93B1-43B3-BA50-B5ACABD6A617}"
EndProject
Project("{8BC9CEB8-8B4A-11D0-8D11-00A0C91BC942}") = "Lab_12_09", "Lab_12_09\Lab_12_09.vcxproj", "{DD233F5D-ADCB-463B-9E5C-2CD000DD67CA}"
EndProject
Project("{8BC9CEB8-8B4A-11D0-8D11-00A0C91BC942}") = "Lab_12_10", "Lab_12_10\Lab_12_10.vcxproj", "{5CF26D73-AC9C-4347-9B85-3475F6460D99}"
EndProject
Project("{8BC9CEB8-8B4A-11D0-8D11-00A0C91BC942}") = "Lab_12_11", "Lab_12_11\Lab_12_11.vcxproj", "{78D1C3DD-7E0D-4CD6-AA58-AEF0C4F78621}"
EndProject
Project("{8BC9CEB8-8B4A-11D0-8D11-00A0C91BC942}") = "Lab_12_12", "Lab_12_12\Lab_12_12.vcxproj", "{74C33BF5-0833-4105-8512-757649CDFEC4}"
EndProject
Project("{8BC9CEB8-8B4A-11D0-8D11-00A0C91BC942}") = "Lab_12_02_iter", "Lab_12_02_iter\Lab_12_02_iter.vcxproj", "{D8A1BDF2-2EF2-43DB-8CD5-768D2037DFC2}"
EndProject
Project("{8BC9CEB8-8B4A-11D0-8D11-00A0C91BC942}") = "Lab_12_02_rec", "Lab_12_02_rec\Lab_12_02_rec.vcxproj", "{4A0844FF-41C0-42A7-B58A-49582DABA2BE}"
EndProject
Project("{8BC9CEB8-8B4A-11D0-8D11-00A0C91BC942}") = "Lab_12_03_iter", "Lab_12_03_iter\Lab_12_03_iter.vcxproj", "{A4502219-0B8F-4B41-9FB3-08DE6CA9F496}"
EndProject
Project("{8BC9CEB8-8B4A-11D0-8D11-00A0C91BC942}") = "Lab_12_03_rec", "Lab_12_03_rec\Lab_12_03_rec.vcxproj", "{10A6D2D8-4CF1-428B-9B34-EBFBB97222BF}"
EndProject
Project("{8BC9CEB8-8B4A-11D0-8D11-00A0C91BC942}") = "Lab_12_04_iter", "Lab_12_04_iter\Lab_12_04_iter.vcxproj", "{2741B034-7DDF-4364-9050-35B3214D4B47}"
EndProject
Project("{8BC9CEB8-8B4A-11D0-8D11-00A0C91BC942}") = "Lab_12_04_rec", "Lab_12_04_rec\Lab_12_04_rec.vcxproj", "{08937C59-E9C3-47CF-8723-196BEA38B929}"
EndProject
Project("{8BC9CEB8-8B4A-11D0-8D11-00A0C91BC942}") = "Lab_12_11_tree", "Lab_12_11_tree\Lab_12_11_tree.vcxproj", "{539B0AFB-C0B0-4CB1-8B3C-50C0E28BCE15}"
EndProject
Project("{8BC9CEB8-8B4A-11D0-8D11-00A0C91BC942}") = "Lab_12_12_tree", "Lab_12_12_tree\Lab_12_12_tree.vcxproj", "{AF421B9C-D396-4456-83B7-C4501505936A}"
EndProject
Project("{8BC9CEB8-8B4A-11D0-8D11-00A0C91BC942}") = "Lab_12_13_tree", "Lab_12_13_tree\Lab_12_13_tree.vcxproj", "{77F252B9-974E-46D5-8B35-53E88B40D817}"
EndProject
Project("{8BC9CEB8-8B4A-11D0-8D11-00A0C91BC942}") = "UnitTest1", "UnitTest1\UnitTest1.vcxproj", "{2805C0EE-4307-4B2E-81E5-1C36664A6DC1}"
EndProject
Project("{8BC9CEB8-8B4A-11D0-8D11-00A0C91BC942}") = "UnitTest2", "UnitTest2\UnitTest2.vcxproj", "{B575CBE8-6A12-4920-92D2-078999677EFC}"
EndProject
Project("{8BC9CEB8-8B4A-11D0-8D11-00A0C91BC942}") = "UnitTest3", "UnitTest3\UnitTest3.vcxproj", "{57CEAB55-D49E-48B8-AE5F-ED539CD5622C}"
EndProject
Project("{8BC9CEB8-8B4A-11D0-8D11-00A0C91BC942}") = "UnitTest4", "UnitTest4\UnitTest4.vcxproj", "{EAC47D50-109E-4F05-84BD-D83CEF171D73}"
EndProject
Project("{8BC9CEB8-8B4A-11D0-8D11-00A0C91BC942}") = "UnitTest5", "UnitTest5\UnitTest5.vcxproj", "{3054330C-5037-4985-8B76-0B3207152A1E}"
EndProject
Project("{8BC9CEB8-8B4A-11D0-8D11-00A0C91BC942}") = "UnitTest6", "UnitTest6\UnitTest6.vcxproj", "{BCCEF532-D856-4D5D-B9F7-B7971E5726A0}"
EndProject
Project("{8BC9CEB8-8B4A-11D0-8D11-00A0C91BC942}") = "UnitTest7", "UnitTest7\UnitTest7.vcxproj", "{782C5376-6B64-4317-AE34-6B0689373AAD}"
EndProject
Project("{8BC9CEB8-8B4A-11D0-8D11-00A0C91BC942}") = "UnitTest8", "UnitTest8\UnitTest8.vcxproj", "{7D3C4F1D-CF56-4249-97BF-6745737DBD89}"
EndProject
Project("{8BC9CEB8-8B4A-11D0-8D11-00A0C91BC942}") = "UnitTest9", "UnitTest9\UnitTest9.vcxproj", "{FDBDA585-79B9-41B0-B67A-44C57798357C}"
EndProject
Project("{8BC9CEB8-8B4A-11D0-8D11-00A0C91BC942}") = "UnitTest10", "UnitTest10\UnitTest10.vcxproj", "{0A6A1EFD-C72D-4FCE-ABBD-86BEA9CBD5F0}"
EndProject
Project("{8BC9CEB8-8B4A-11D0-8D11-00A0C91BC942}") = "UnitTest11", "UnitTest11\UnitTest11.vcxproj", "{C77705F6-9AB5-4A74-9C32-99784B668268}"
EndProject
Project("{8BC9CEB8-8B4A-11D0-8D11-00A0C91BC942}") = "UnitTest12", "UnitTest12\UnitTest12.vcxproj", "{37A64810-5EB8-4468-86C6-24238295B6EF}"
EndProject
Project("{8BC9CEB8-8B4A-11D0-8D11-00A0C91BC942}") = "UnitTest13", "UnitTest13\UnitTest13.vcxproj", "{080D7959-1D19-48CB-87B4-3FF93A824A96}"
EndProject
Project("{8BC9CEB8-8B4A-11D0-8D11-00A0C91BC942}") = "UnitTest14", "UnitTest14\UnitTest14.vcxproj", "{4A40DF61-045D-48C9-AC5E-8AB19D5DE455}"
EndProject
Project("{8BC9CEB8-8B4A-11D0-8D11-00A0C91BC942}") = "UnitTest15", "UnitTest15\UnitTest15.vcxproj", "{D5804FE1-12C5-477E-80E6-566B6F9BE659}"
EndProject
Project("{8BC9CEB8-8B4A-11D0-8D11-00A0C91BC942}") = "UnitTest16", "UnitTest16\UnitTest16.vcxproj", "{20A0E489-7279-4C99-AFDD-73691E651472}"
EndProject
Project("{8BC9CEB8-8B4A-11D0-8D11-00A0C91BC942}") = "UnitTest17", "UnitTest17\UnitTest17.vcxproj", "{8B2565EB-0864-4E6E-AAF4-0116594CC5E9}"
EndProject
Global
	GlobalSection(SolutionConfigurationPlatforms) = preSolution
		Debug|x64 = Debug|x64
		Debug|x86 = Debug|x86
		Release|x64 = Release|x64
		Release|x86 = Release|x86
	EndGlobalSection
	GlobalSection(ProjectConfigurationPlatforms) = postSolution
		{9281072B-8D38-4644-BCF2-5DC1F9B3F329}.Debug|x64.ActiveCfg = Debug|x64
		{9281072B-8D38-4644-BCF2-5DC1F9B3F329}.Debug|x64.Build.0 = Debug|x64
		{9281072B-8D38-4644-BCF2-5DC1F9B3F329}.Debug|x86.ActiveCfg = Debug|Win32
		{9281072B-8D38-4644-BCF2-5DC1F9B3F329}.Debug|x86.Build.0 = Debug|Win32
		{9281072B-8D38-4644-BCF2-5DC1F9B3F329}.Release|x64.ActiveCfg = Release|x64
		{9281072B-8D38-4644-BCF2-5DC1F9B3F329}.Release|x64.Build.0 = Release|x64
		{9281072B-8D38-4644-BCF2-5DC1F9B3F329}.Release|x86.ActiveCfg = Release|Win32
		{9281072B-8D38-4644-BCF2-5DC1F9B3F329}.Release|x86.Build.0 = Release|Win32
		{4D618746-650E-4E23-9FE9-3ADEC0E793E4}.Debug|x64.ActiveCfg = Debug|x64
		{4D618746-650E-4E23-9FE9-3ADEC0E793E4}.Debug|x64.Build.0 = Debug|x64
		{4D618746-650E-4E23-9FE9-3ADEC0E793E4}.Debug|x86.ActiveCfg = Debug|Win32
		{4D618746-650E-4E23-9FE9-3ADEC0E793E4}.Debug|x86.Build.0 = Debug|Win32
		{4D618746-650E-4E23-9FE9-3ADEC0E793E4}.Release|x64.ActiveCfg = Release|x64
		{4D618746-650E-4E23-9FE9-3ADEC0E793E4}.Release|x64.Build.0 = Release|x64
		{4D618746-650E-4E23-9FE9-3ADEC0E793E4}.Release|x86.ActiveCfg = Release|Win32
		{4D618746-650E-4E23-9FE9-3ADEC0E793E4}.Release|x86.Build.0 = Release|Win32
		{8D9AF1A2-EAFE-4B54-BE26-CE360D3CB1D6}.Debug|x64.ActiveCfg = Debug|x64
		{8D9AF1A2-EAFE-4B54-BE26-CE360D3CB1D6}.Debug|x64.Build.0 = Debug|x64
		{8D9AF1A2-EAFE-4B54-BE26-CE360D3CB1D6}.Debug|x86.ActiveCfg = Debug|Win32
		{8D9AF1A2-EAFE-4B54-BE26-CE360D3CB1D6}.Debug|x86.Build.0 = Debug|Win32
		{8D9AF1A2-EAFE-4B54-BE26-CE360D3CB1D6}.Release|x64.ActiveCfg = Release|x64
		{8D9AF1A2-EAFE-4B54-BE26-CE360D3CB1D6}.Release|x64.Build.0 = Release|x64
		{8D9AF1A2-EAFE-4B54-BE26-CE360D3CB1D6}.Release|x86.ActiveCfg = Release|Win32
		{8D9AF1A2-EAFE-4B54-BE26-CE360D3CB1D6}.Release|x86.Build.0 = Release|Win32
		{E231B50C-02B3-4D7C-94A2-5075BB9C0813}.Debug|x64.ActiveCfg = Debug|x64
		{E231B50C-02B3-4D7C-94A2-5075BB9C0813}.Debug|x64.Build.0 = Debug|x64
		{E231B50C-02B3-4D7C-94A2-5075BB9C0813}.Debug|x86.ActiveCfg = Debug|Win32
		{E231B50C-02B3-4D7C-94A2-5075BB9C0813}.Debug|x86.Build.0 = Debug|Win32
		{E231B50C-02B3-4D7C-94A2-5075BB9C0813}.Release|x64.ActiveCfg = Release|x64
		{E231B50C-02B3-4D7C-94A2-5075BB9C0813}.Release|x64.Build.0 = Release|x64
		{E231B50C-02B3-4D7C-94A2-5075BB9C0813}.Release|x86.ActiveCfg = Release|Win32
		{E231B50C-02B3-4D7C-94A2-5075BB9C0813}.Release|x86.Build.0 = Release|Win32
		{2C382601-93B1-43B3-BA50-B5ACABD6A617}.Debug|x64.ActiveCfg = Debug|x64
		{2C382601-93B1-43B3-BA50-B5ACABD6A617}.Debug|x64.Build.0 = Debug|x64
		{2C382601-93B1-43B3-BA50-B5ACABD6A617}.Debug|x86.ActiveCfg = Debug|Win32
		{2C382601-93B1-43B3-BA50-B5ACABD6A617}.Debug|x86.Build.0 = Debug|Win32
		{2C382601-93B1-43B3-BA50-B5ACABD6A617}.Release|x64.ActiveCfg = Release|x64
		{2C382601-93B1-43B3-BA50-B5ACABD6A617}.Release|x64.Build.0 = Release|x64
		{2C382601-93B1-43B3-BA50-B5ACABD6A617}.Release|x86.ActiveCfg = Release|Win32
		{2C382601-93B1-43B3-BA50-B5ACABD6A617}.Release|x86.Build.0 = Release|Win32
		{DD233F5D-ADCB-463B-9E5C-2CD000DD67CA}.Debug|x64.ActiveCfg = Debug|x64
		{DD233F5D-ADCB-463B-9E5C-2CD000DD67CA}.Debug|x64.Build.0 = Debug|x64
		{DD233F5D-ADCB-463B-9E5C-2CD000DD67CA}.Debug|x86.ActiveCfg = Debug|Win32
		{DD233F5D-ADCB-463B-9E5C-2CD000DD67CA}.Debug|x86.Build.0 = Debug|Win32
		{DD233F5D-ADCB-463B-9E5C-2CD000DD67CA}.Release|x64.ActiveCfg = Release|x64
		{DD233F5D-ADCB-463B-9E5C-2CD000DD67CA}.Release|x64.Build.0 = Release|x64
		{DD233F5D-ADCB-463B-9E5C-2CD000DD67CA}.Release|x86.ActiveCfg = Release|Win32
		{DD233F5D-ADCB-463B-9E5C-2CD000DD67CA}.Release|x86.Build.0 = Release|Win32
		{5CF26D73-AC9C-4347-9B85-3475F6460D99}.Debug|x64.ActiveCfg = Debug|x64
		{5CF26D73-AC9C-4347-9B85-3475F6460D99}.Debug|x64.Build.0 = Debug|x64
		{5CF26D73-AC9C-4347-9B85-3475F6460D99}.Debug|x86.ActiveCfg = Debug|Win32
		{5CF26D73-AC9C-4347-9B85-3475F6460D99}.Debug|x86.Build.0 = Debug|Win32
		{5CF26D73-AC9C-4347-9B85-3475F6460D99}.Release|x64.ActiveCfg = Release|x64
		{5CF26D73-AC9C-4347-9B85-3475F6460D99}.Release|x64.Build.0 = Release|x64
		{5CF26D73-AC9C-4347-9B85-3475F6460D99}.Release|x86.ActiveCfg = Release|Win32
		{5CF26D73-AC9C-4347-9B85-3475F6460D99}.Release|x86.Build.0 = Release|Win32
		{78D1C3DD-7E0D-4CD6-AA58-AEF0C4F78621}.Debug|x64.ActiveCfg = Debug|x64
		{78D1C3DD-7E0D-4CD6-AA58-AEF0C4F78621}.Debug|x64.Build.0 = Debug|x64
		{78D1C3DD-7E0D-4CD6-AA58-AEF0C4F78621}.Debug|x86.ActiveCfg = Debug|Win32
		{78D1C3DD-7E0D-4CD6-AA58-AEF0C4F78621}.Debug|x86.Build.0 = Debug|Win32
		{78D1C3DD-7E0D-4CD6-AA58-AEF0C4F78621}.Release|x64.ActiveCfg = Release|x64
		{78D1C3DD-7E0D-4CD6-AA58-AEF0C4F78621}.Release|x64.Build.0 = Release|x64
		{78D1C3DD-7E0D-4CD6-AA58-AEF0C4F78621}.Release|x86.ActiveCfg = Release|Win32
		{78D1C3DD-7E0D-4CD6-AA58-AEF0C4F78621}.Release|x86.Build.0 = Release|Win32
		{74C33BF5-0833-4105-8512-757649CDFEC4}.Debug|x64.ActiveCfg = Debug|x64
		{74C33BF5-0833-4105-8512-757649CDFEC4}.Debug|x64.Build.0 = Debug|x64
		{74C33BF5-0833-4105-8512-757649CDFEC4}.Debug|x86.ActiveCfg = Debug|Win32
		{74C33BF5-0833-4105-8512-757649CDFEC4}.Debug|x86.Build.0 = Debug|Win32
		{74C33BF5-0833-4105-8512-757649CDFEC4}.Release|x64.ActiveCfg = Release|x64
		{74C33BF5-0833-4105-8512-757649CDFEC4}.Release|x64.Build.0 = Release|x64
		{74C33BF5-0833-4105-8512-757649CDFEC4}.Release|x86.ActiveCfg = Release|Win32
		{74C33BF5-0833-4105-8512-757649CDFEC4}.Release|x86.Build.0 = Release|Win32
		{D8A1BDF2-2EF2-43DB-8CD5-768D2037DFC2}.Debug|x64.ActiveCfg = Debug|x64
		{D8A1BDF2-2EF2-43DB-8CD5-768D2037DFC2}.Debug|x64.Build.0 = Debug|x64
		{D8A1BDF2-2EF2-43DB-8CD5-768D2037DFC2}.Debug|x86.ActiveCfg = Debug|Win32
		{D8A1BDF2-2EF2-43DB-8CD5-768D2037DFC2}.Debug|x86.Build.0 = Debug|Win32
		{D8A1BDF2-2EF2-43DB-8CD5-768D2037DFC2}.Release|x64.ActiveCfg = Release|x64
		{D8A1BDF2-2EF2-43DB-8CD5-768D2037DFC2}.Release|x64.Build.0 = Release|x64
		{D8A1BDF2-2EF2-43DB-8CD5-768D2037DFC2}.Release|x86.ActiveCfg = Release|Win32
		{D8A1BDF2-2EF2-43DB-8CD5-768D2037DFC2}.Release|x86.Build.0 = Release|Win32
		{4A0844FF-41C0-42A7-B58A-49582DABA2BE}.Debug|x64.ActiveCfg = Debug|x64
		{4A0844FF-41C0-42A7-B58A-49582DABA2BE}.Debug|x64.Build.0 = Debug|x64
		{4A0844FF-41C0-42A7-B58A-49582DABA2BE}.Debug|x86.ActiveCfg = Debug|Win32
		{4A0844FF-41C0-42A7-B58A-49582DABA2BE}.Debug|x86.Build.0 = Debug|Win32
		{4A0844FF-41C0-42A7-B58A-49582DABA2BE}.Release|x64.ActiveCfg = Release|x64
		{4A0844FF-41C0-42A7-B58A-49582DABA2BE}.Release|x64.Build.0 = Release|x64
		{4A0844FF-41C0-42A7-B58A-49582DABA2BE}.Release|x86.ActiveCfg = Release|Win32
		{4A0844FF-41C0-42A7-B58A-49582DABA2BE}.Release|x86.Build.0 = Release|Win32
		{A4502219-0B8F-4B41-9FB3-08DE6CA9F496}.Debug|x64.ActiveCfg = Debug|x64
		{A4502219-0B8F-4B41-9FB3-08DE6CA9F496}.Debug|x64.Build.0 = Debug|x64
		{A4502219-0B8F-4B41-9FB3-08DE6CA9F496}.Debug|x86.ActiveCfg = Debug|Win32
		{A4502219-0B8F-4B41-9FB3-08DE6CA9F496}.Debug|x86.Build.0 = Debug|Win32
		{A4502219-0B8F-4B41-9FB3-08DE6CA9F496}.Release|x64.ActiveCfg = Release|x64
		{A4502219-0B8F-4B41-9FB3-08DE6CA9F496}.Release|x64.Build.0 = Release|x64
		{A4502219-0B8F-4B41-9FB3-08DE6CA9F496}.Release|x86.ActiveCfg = Release|Win32
		{A4502219-0B8F-4B41-9FB3-08DE6CA9F496}.Release|x86.Build.0 = Release|Win32
		{10A6D2D8-4CF1-428B-9B34-EBFBB97222BF}.Debug|x64.ActiveCfg = Debug|x64
		{10A6D2D8-4CF1-428B-9B34-EBFBB97222BF}.Debug|x64.Build.0 = Debug|x64
		{10A6D2D8-4CF1-428B-9B34-EBFBB97222BF}.Debug|x86.ActiveCfg = Debug|Win32
		{10A6D2D8-4CF1-428B-9B34-EBFBB97222BF}.Debug|x86.Build.0 = Debug|Win32
		{10A6D2D8-4CF1-428B-9B34-EBFBB97222BF}.Release|x64.ActiveCfg = Release|x64
		{10A6D2D8-4CF1-428B-9B34-EBFBB97222BF}.Release|x64.Build.0 = Release|x64
		{10A6D2D8-4CF1-428B-9B34-EBFBB97222BF}.Release|x86.ActiveCfg = Release|Win32
		{10A6D2D8-4CF1-428B-9B34-EBFBB97222BF}.Release|x86.Build.0 = Release|Win32
		{2741B034-7DDF-4364-9050-35B3214D4B47}.Debug|x64.ActiveCfg = Debug|x64
		{2741B034-7DDF-4364-9050-35B3214D4B47}.Debug|x64.Build.0 = Debug|x64
		{2741B034-7DDF-4364-9050-35B3214D4B47}.Debug|x86.ActiveCfg = Debug|Win32
		{2741B034-7DDF-4364-9050-35B3214D4B47}.Debug|x86.Build.0 = Debug|Win32
		{2741B034-7DDF-4364-9050-35B3214D4B47}.Release|x64.ActiveCfg = Release|x64
		{2741B034-7DDF-4364-9050-35B3214D4B47}.Release|x64.Build.0 = Release|x64
		{2741B034-7DDF-4364-9050-35B3214D4B47}.Release|x86.ActiveCfg = Release|Win32
		{2741B034-7DDF-4364-9050-35B3214D4B47}.Release|x86.Build.0 = Release|Win32
		{08937C59-E9C3-47CF-8723-196BEA38B929}.Debug|x64.ActiveCfg = Debug|x64
		{08937C59-E9C3-47CF-8723-196BEA38B929}.Debug|x64.Build.0 = Debug|x64
		{08937C59-E9C3-47CF-8723-196BEA38B929}.Debug|x86.ActiveCfg = Debug|Win32
		{08937C59-E9C3-47CF-8723-196BEA38B929}.Debug|x86.Build.0 = Debug|Win32
		{08937C59-E9C3-47CF-8723-196BEA38B929}.Release|x64.ActiveCfg = Release|x64
		{08937C59-E9C3-47CF-8723-196BEA38B929}.Release|x64.Build.0 = Release|x64
		{08937C59-E9C3-47CF-8723-196BEA38B929}.Release|x86.ActiveCfg = Release|Win32
		{08937C59-E9C3-47CF-8723-196BEA38B929}.Release|x86.Build.0 = Release|Win32
		{539B0AFB-C0B0-4CB1-8B3C-50C0E28BCE15}.Debug|x64.ActiveCfg = Debug|x64
		{539B0AFB-C0B0-4CB1-8B3C-50C0E28BCE15}.Debug|x64.Build.0 = Debug|x64
		{539B0AFB-C0B0-4CB1-8B3C-50C0E28BCE15}.Debug|x86.ActiveCfg = Debug|Win32
		{539B0AFB-C0B0-4CB1-8B3C-50C0E28BCE15}.Debug|x86.Build.0 = Debug|Win32
		{539B0AFB-C0B0-4CB1-8B3C-50C0E28BCE15}.Release|x64.ActiveCfg = Release|x64
		{539B0AFB-C0B0-4CB1-8B3C-50C0E28BCE15}.Release|x64.Build.0 = Release|x64
		{539B0AFB-C0B0-4CB1-8B3C-50C0E28BCE15}.Release|x86.ActiveCfg = Release|Win32
		{539B0AFB-C0B0-4CB1-8B3C-50C0E28BCE15}.Release|x86.Build.0 = Release|Win32
		{AF421B9C-D396-4456-83B7-C4501505936A}.Debug|x64.ActiveCfg = Debug|x64
		{AF421B9C-D396-4456-83B7-C4501505936A}.Debug|x64.Build.0 = Debug|x64
		{AF421B9C-D396-4456-83B7-C4501505936A}.Debug|x86.ActiveCfg = Debug|Win32
		{AF421B9C-D396-4456-83B7-C4501505936A}.Debug|x86.Build.0 = Debug|Win32
		{AF421B9C-D396-4456-83B7-C4501505936A}.Release|x64.ActiveCfg = Release|x64
		{AF421B9C-D396-4456-83B7-C4501505936A}.Release|x64.Build.0 = Release|x64
		{AF421B9C-D396-4456-83B7-C4501505936A}.Release|x86.ActiveCfg = Release|Win32
		{AF421B9C-D396-4456-83B7-C4501505936A}.Release|x86.Build.0 = Release|Win32
		{77F252B9-974E-46D5-8B35-53E88B40D817}.Debug|x64.ActiveCfg = Debug|x64
		{77F252B9-974E-46D5-8B35-53E88B40D817}.Debug|x64.Build.0 = Debug|x64
		{77F252B9-974E-46D5-8B35-53E88B40D817}.Debug|x86.ActiveCfg = Debug|Win32
		{77F252B9-974E-46D5-8B35-53E88B40D817}.Debug|x86.Build.0 = Debug|Win32
		{77F252B9-974E-46D5-8B35-53E88B40D817}.Release|x64.ActiveCfg = Release|x64
		{77F252B9-974E-46D5-8B35-53E88B40D817}.Release|x64.Build.0 = Release|x64
		{77F252B9-974E-46D5-8B35-53E88B40D817}.Release|x86.ActiveCfg = Release|Win32
		{77F252B9-974E-46D5-8B35-53E88B40D817}.Release|x86.Build.0 = Release|Win32
		{2805C0EE-4307-4B2E-81E5-1C36664A6DC1}.Debug|x64.ActiveCfg = Debug|x64
		{2805C0EE-4307-4B2E-81E5-1C36664A6DC1}.Debug|x64.Build.0 = Debug|x64
		{2805C0EE-4307-4B2E-81E5-1C36664A6DC1}.Debug|x86.ActiveCfg = Debug|Win32
		{2805C0EE-4307-4B2E-81E5-1C36664A6DC1}.Debug|x86.Build.0 = Debug|Win32
		{2805C0EE-4307-4B2E-81E5-1C36664A6DC1}.Release|x64.ActiveCfg = Release|x64
		{2805C0EE-4307-4B2E-81E5-1C36664A6DC1}.Release|x64.Build.0 = Release|x64
		{2805C0EE-4307-4B2E-81E5-1C36664A6DC1}.Release|x86.ActiveCfg = Release|Win32
		{2805C0EE-4307-4B2E-81E5-1C36664A6DC1}.Release|x86.Build.0 = Release|Win32
		{B575CBE8-6A12-4920-92D2-078999677EFC}.Debug|x64.ActiveCfg = Debug|x64
		{B575CBE8-6A12-4920-92D2-078999677EFC}.Debug|x64.Build.0 = Debug|x64
		{B575CBE8-6A12-4920-92D2-078999677EFC}.Debug|x86.ActiveCfg = Debug|Win32
		{B575CBE8-6A12-4920-92D2-078999677EFC}.Debug|x86.Build.0 = Debug|Win32
		{B575CBE8-6A12-4920-92D2-078999677EFC}.Release|x64.ActiveCfg = Release|x64
		{B575CBE8-6A12-4920-92D2-078999677EFC}.Release|x64.Build.0 = Release|x64
		{B575CBE8-6A12-4920-92D2-078999677EFC}.Release|x86.ActiveCfg = Release|Win32
		{B575CBE8-6A12-4920-92D2-078999677EFC}.Release|x86.Build.0 = Release|Win32
		{57CEAB55-D49E-48B8-AE5F-ED539CD5622C}.Debug|x64.ActiveCfg = Debug|x64
		{57CEAB55-D49E-48B8-AE5F-ED539CD5622C}.Debug|x64.Build.0 = Debug|x64
		{57CEAB55-D49E-48B8-AE5F-ED539CD5622C}.Debug|x86.ActiveCfg = Debug|Win32
		{57CEAB55-D49E-48B8-AE5F-ED539CD5622C}.Debug|x86.Build.0 = Debug|Win32
		{57CEAB55-D49E-48B8-AE5F-ED539CD5622C}.Release|x64.ActiveCfg = Release|x64
		{57CEAB55-D49E-48B8-AE5F-ED539CD5622C}.Release|x64.Build.0 = Release|x64
		{57CEAB55-D49E-48B8-AE5F-ED539CD5622C}.Release|x86.ActiveCfg = Release|Win32
		{57CEAB55-D49E-48B8-AE5F-ED539CD5622C}.Release|x86.Build.0 = Release|Win32
		{EAC47D50-109E-4F05-84BD-D83CEF171D73}.Debug|x64.ActiveCfg = Debug|x64
		{EAC47D50-109E-4F05-84BD-D83CEF171D73}.Debug|x64.Build.0 = Debug|x64
		{EAC47D50-109E-4F05-84BD-D83CEF171D73}.Debug|x86.ActiveCfg = Debug|Win32
		{EAC47D50-109E-4F05-84BD-D83CEF171D73}.Debug|x86.Build.0 = Debug|Win32
		{EAC47D50-109E-4F05-84BD-D83CEF171D73}.Release|x64.ActiveCfg = Release|x64
		{EAC47D50-109E-4F05-84BD-D83CEF171D73}.Release|x64.Build.0 = Release|x64
		{EAC47D50-109E-4F05-84BD-D83CEF171D73}.Release|x86.ActiveCfg = Release|Win32
		{EAC47D50-109E-4F05-84BD-D83CEF171D73}.Release|x86.Build.0 = Release|Win32
		{3054330C-5037-4985-8B76-0B3207152A1E}.Debug|x64.ActiveCfg = Debug|x64
		{3054330C-5037-4985-8B76-0B3207152A1E}.Debug|x64.Build.0 = Debug|x64
		{3054330C-5037-4985-8B76-0B3207152A1E}.Debug|x86.ActiveCfg = Debug|Win32
		{3054330C-5037-4985-8B76-0B3207152A1E}.Debug|x86.Build.0 = Debug|Win32
		{3054330C-5037-4985-8B76-0B3207152A1E}.Release|x64.ActiveCfg = Release|x64
		{3054330C-5037-4985-8B76-0B3207152A1E}.Release|x64.Build.0 = Release|x64
		{3054330C-5037-4985-8B76-0B3207152A1E}.Release|x86.ActiveCfg = Release|Win32
		{3054330C-5037-4985-8B76-0B3207152A1E}.Release|x86.Build.0 = Release|Win32
		{BCCEF532-D856-4D5D-B9F7-B7971E5726A0}.Debug|x64.ActiveCfg = Debug|x64
		{BCCEF532-D856-4D5D-B9F7-B7971E5726A0}.Debug|x64.Build.0 = Debug|x64
		{BCCEF532-D856-4D5D-B9F7-B7971E5726A0}.Debug|x86.ActiveCfg = Debug|Win32
		{BCCEF532-D856-4D5D-B9F7-B7971E5726A0}.Debug|x86.Build.0 = Debug|Win32
		{BCCEF532-D856-4D5D-B9F7-B7971E5726A0}.Release|x64.ActiveCfg = Release|x64
		{BCCEF532-D856-4D5D-B9F7-B7971E5726A0}.Release|x64.Build.0 = Release|x64
		{BCCEF532-D856-4D5D-B9F7-B7971E5726A0}.Release|x86.ActiveCfg = Release|Win32
		{BCCEF532-D856-4D5D-B9F7-B7971E5726A0}.Release|x86.Build.0 = Release|Win32
		{782C5376-6B64-4317-AE34-6B0689373AAD}.Debug|x64.ActiveCfg = Debug|x64
		{782C5376-6B64-4317-AE34-6B0689373AAD}.Debug|x64.Build.0 = Debug|x64
		{782C5376-6B64-4317-AE34-6B0689373AAD}.Debug|x86.ActiveCfg = Debug|Win32
		{782C5376-6B64-4317-AE34-6B0689373AAD}.Debug|x86.Build.0 = Debug|Win32
		{782C5376-6B64-4317-AE34-6B0689373AAD}.Release|x64.ActiveCfg = Release|x64
		{782C5376-6B64-4317-AE34-6B0689373AAD}.Release|x64.Build.0 = Release|x64
		{782C5376-6B64-4317-AE34-6B0689373AAD}.Release|x86.ActiveCfg = Release|Win32
		{782C5376-6B64-4317-AE34-6B0689373AAD}.Release|x86.Build.0 = Release|Win32
		{7D3C4F1D-CF56-4249-97BF-6745737DBD89}.Debug|x64.ActiveCfg = Debug|x64
		{7D3C4F1D-CF56-4249-97BF-6745737DBD89}.Debug|x64.Build.0 = Debug|x64
		{7D3C4F1D-CF56-4249-97BF-6745737DBD89}.Debug|x86.ActiveCfg = Debug|Win32
		{7D3C4F1D-CF56-4249-97BF-6745737DBD89}.Debug|x86.Build.0 = Debug|Win32
		{7D3C4F1D-CF56-4249-97BF-6745737DBD89}.Release|x64.ActiveCfg = Release|x64
		{7D3C4F1D-CF56-4249-97BF-6745737DBD89}.Release|x64.Build.0 = Release|x64
		{7D3C4F1D-CF56-4249-97BF-6745737DBD89}.Release|x86.ActiveCfg = Release|Win32
		{7D3C4F1D-CF56-4249-97BF-6745737DBD89}.Release|x86.Build.0 = Release|Win32
		{FDBDA585-79B9-41B0-B67A-44C57798357C}.Debug|x64.ActiveCfg = Debug|x64
		{FDBDA585-79B9-41B0-B67A-44C57798357C}.Debug|x64.Build.0 = Debug|x64
		{FDBDA585-79B9-41B0-B67A-44C57798357C}.Debug|x86.ActiveCfg = Debug|Win32
		{FDBDA585-79B9-41B0-B67A-44C57798357C}.Debug|x86.Build.0 = Debug|Win32
		{FDBDA585-79B9-41B0-B67A-44C57798357C}.Release|x64.ActiveCfg = Release|x64
		{FDBDA585-79B9-41B0-B67A-44C57798357C}.Release|x64.Build.0 = Release|x64
		{FDBDA585-79B9-41B0-B67A-44C57798357C}.Release|x86.ActiveCfg = Release|Win32
		{FDBDA585-79B9-41B0-B67A-44C57798357C}.Release|x86.Build.0 = Release|Win32
		{0A6A1EFD-C72D-4FCE-ABBD-86BEA9CBD5F0}.Debug|x64.ActiveCfg = Debug|x64
		{0A6A1EFD-C72D-4FCE-ABBD-86BEA9CBD5F0}.Debug|x64.Build.0 = Debug|x64
		{0A6A1EFD-C72D-4FCE-ABBD-86BEA9CBD5F0}.Debug|x86.ActiveCfg = Debug|Win32
		{0A6A1EFD-C72D-4FCE-ABBD-86BEA9CBD5F0}.Debug|x86.Build.0 = Debug|Win32
		{0A6A1EFD-C72D-4FCE-ABBD-86BEA9CBD5F0}.Release|x64.ActiveCfg = Release|x64
		{0A6A1EFD-C72D-4FCE-ABBD-86BEA9CBD5F0}.Release|x64.Build.0 = Release|x64
		{0A6A1EFD-C72D-4FCE-ABBD-86BEA9CBD5F0}.Release|x86.ActiveCfg = Release|Win32
		{0A6A1EFD-C72D-4FCE-ABBD-86BEA9CBD5F0}.Release|x86.Build.0 = Release|Win32
		{C77705F6-9AB5-4A74-9C32-99784B668268}.Debug|x64.ActiveCfg = Debug|x64
		{C77705F6-9AB5-4A74-9C32-99784B668268}.Debug|x64.Build.0 = Debug|x64
		{C77705F6-9AB5-4A74-9C32-99784B668268}.Debug|x86.ActiveCfg = Debug|Win32
		{C77705F6-9AB5-4A74-9C32-99784B668268}.Debug|x86.Build.0 = Debug|Win32
		{C77705F6-9AB5-4A74-9C32-99784B668268}.Release|x64.ActiveCfg = Release|x64
		{C77705F6-9AB5-4A74-9C32-99784B668268}.Release|x64.Build.0 = Release|x64
		{C77705F6-9AB5-4A74-9C32-99784B668268}.Release|x86.ActiveCfg = Release|Win32
		{C77705F6-9AB5-4A74-9C32-99784B668268}.Release|x86.Build.0 = Release|Win32
		{37A64810-5EB8-4468-86C6-24238295B6EF}.Debug|x64.ActiveCfg = Debug|x64
		{37A64810-5EB8-4468-86C6-24238295B6EF}.Debug|x64.Build.0 = Debug|x64
		{37A64810-5EB8-4468-86C6-24238295B6EF}.Debug|x86.ActiveCfg = Debug|Win32
		{37A64810-5EB8-4468-86C6-24238295B6EF}.Debug|x86.Build.0 = Debug|Win32
		{37A64810-5EB8-4468-86C6-24238295B6EF}.Release|x64.ActiveCfg = Release|x64
		{37A64810-5EB8-4468-86C6-24238295B6EF}.Release|x64.Build.0 = Release|x64
		{37A64810-5EB8-4468-86C6-24238295B6EF}.Release|x86.ActiveCfg = Release|Win32
		{37A64810-5EB8-4468-86C6-24238295B6EF}.Release|x86.Build.0 = Release|Win32
		{080D7959-1D19-48CB-87B4-3FF93A824A96}.Debug|x64.ActiveCfg = Debug|x64
		{080D7959-1D19-48CB-87B4-3FF93A824A96}.Debug|x64.Build.0 = Debug|x64
		{080D7959-1D19-48CB-87B4-3FF93A824A96}.Debug|x86.ActiveCfg = Debug|Win32
		{080D7959-1D19-48CB-87B4-3FF93A824A96}.Debug|x86.Build.0 = Debug|Win32
		{080D7959-1D19-48CB-87B4-3FF93A824A96}.Release|x64.ActiveCfg = Release|x64
		{080D7959-1D19-48CB-87B4-3FF93A824A96}.Release|x64.Build.0 = Release|x64
		{080D7959-1D19-48CB-87B4-3FF93A824A96}.Release|x86.ActiveCfg = Release|Win32
		{080D7959-1D19-48CB-87B4-3FF93A824A96}.Release|x86.Build.0 = Release|Win32
		{4A40DF61-045D-48C9-AC5E-8AB19D5DE455}.Debug|x64.ActiveCfg = Debug|x64
		{4A40DF61-045D-48C9-AC5E-8AB19D5DE455}.Debug|x64.Build.0 = Debug|x64
		{4A40DF61-045D-48C9-AC5E-8AB19D5DE455}.Debug|x86.ActiveCfg = Debug|Win32
		{4A40DF61-045D-48C9-AC5E-8AB19D5DE455}.Debug|x86.Build.0 = Debug|Win32
		{4A40DF61-045D-48C9-AC5E-8AB19D5DE455}.Release|x64.ActiveCfg = Release|x64
		{4A40DF61-045D-48C9-AC5E-8AB19D5DE455}.Release|x64.Build.0 = Release|x64
		{4A40DF61-045D-48C9-AC5E-8AB19D5DE455}.Release|x86.ActiveCfg = Release|Win32
		{4A40DF61-045D-48C9-AC5E-8AB19D5DE455}.Release|x86.Build.0 = Release|Win32
		{D5804FE1-12C5-477E-80E6-566B6F9BE659}.Debug|x64.ActiveCfg = Debug|x64
		{D5804FE1-12C5-477E-80E6-566B6F9BE659}.Debug|x64.Build.0 = Debug|x64
		{D5804FE1-12C5-477E-80E6-566B6F9BE659}.Debug|x86.ActiveCfg = Debug|Win32
		{D5804FE1-12C5-477E-80E6-566B6F9BE659}.Debug|x86.Build.0 = Debug|Win32
		{D5804FE1-12C5-477E-80E6-566B6F9BE659}.Release|x64.ActiveCfg = Release|x64
		{D5804FE1-12C5-477E-80E6-566B6F9BE659}.Release|x64.Build.0 = Release|x64
		{D5804FE1-12C5-477E-80E6-566B6F9BE659}.Release|x86.ActiveCfg = Release|Win32
		{D5804FE1-12C5-477E-80E6-566B6F9BE659}.Release|x86.Build.0 = Release|Win32
		{20A0E489-7279-4C99-AFDD-73691E651472}.Debug|x64.ActiveCfg = Debug|x64
		{20A0E489-7279-4C99-AFDD-73691E651472}.Debug|x64.Build.0 = Debug|x64
		{20A0E489-7279-4C99-AFDD-73691E651472}.Debug|x86.ActiveCfg = Debug|Win32
		{20A0E489-7279-4C99-AFDD-73691E651472}.Debug|x86.Build.0 = Debug|Win32
		{20A0E489-7279-4C99-AFDD-73691E651472}.Release|x64.ActiveCfg = Release|x64
		{20A0E489-7279-4C99-AFDD-73691E651472}.Release|x64.Build.0 = Release|x64
		{20A0E489-7279-4C99-AFDD-73691E651472}.Release|x86.ActiveCfg = Release|Win32
		{20A0E489-7279-4C99-AFDD-73691E651472}.Release|x86.Build.0 = Release|Win32
		{8B2565EB-0864-4E6E-AAF4-0116594CC5E9}.Debug|x64.ActiveCfg = Debug|x64
		{8B2565EB-0864-4E6E-AAF4-0116594CC5E9}.Debug|x64.Build.0 = Debug|x64
		{8B2565EB-0864-4E6E-AAF4-0116594CC5E9}.Debug|x86.ActiveCfg = Debug|Win32
		{8B2565EB-0864-4E6E-AAF4-0116594CC5E9}.Debug|x86.Build.0 = Debug|Win32
		{8B2565EB-0864-4E6E-AAF4-0116594CC5E9}.Release|x64.ActiveCfg = Release|x64
		{8B2565EB-0864-4E6E-AAF4-0116594CC5E9}.Release|x64.Build.0 = Release|x64
		{8B2565EB-0864-4E6E-AAF4-0116594CC5E9}.Release|x86.ActiveCfg = Release|Win32
		{8B2565EB-0864-4E6E-AAF4-0116594CC5E9}.Release|x86.Build.0 = Release|Win32
	EndGlobalSection
	GlobalSection(SolutionProperties) = preSolution
		HideSolutionNode = FALSE
	EndGlobalSection
	GlobalSection(ExtensibilityGlobals) = postSolution
		SolutionGuid = {A677F25D-5A47-406E-8E2A-3117B7DB7AF3}
	EndGlobalSection
EndGlobal
